<Solution>
  <Folder Name="/Solution Items/">
    <File Path="Directory.Build.props" />
    <File Path="global.json" />
  </Folder>
  <Project Path="src/HamedSoft.Template.Application/HamedSoft.Template.Application.csproj" Id="ef516f22-55a9-473f-889a-8d81372ae085" />
  <Project Path="src/HamedSoft.Template.Domain/HamedSoft.Template.Domain.csproj" Id="57e7a238-6c70-4b5c-9f47-c99592ff88d0" />
  <Project Path="src/HamedSoft.Template.Infrastructure/HamedSoft.Template.Infrastructure.csproj" Id="e948dc18-9a3f-4863-990a-ac33b99c10da" />
  <Project Path="src/HamedSoft.Template.SharedKernel/HamedSoft.Template.SharedKernel.csproj" Id="dd19486a-cf69-4788-8846-8526ebcb5827" />
  <Project Path="src/HamedSoft.Template.Web/HamedSoft.Template.Web.csproj" Id="a31158a0-4e65-4876-a894-d951b1f85858" />
</Solution>
