
Microsoft Visual Studio Solution File, Format Version 12.00
# Visual Studio Version 17
VisualStudioVersion = 17.0.31903.59
MinimumVisualStudioVersion = 10.0.40219.1
Project("{2150E333-8FDC-42A3-9474-1A3956D46DE8}") = "src", "src", "{6E52975C-E850-4A60-A2EF-DC6DFA188A97}"
EndProject
Project("{FAE04EC0-301F-11D3-BF4B-00C04F79EFBC}") = "HamedSoft.Template.SharedKernel", "src\HamedSoft.Template.SharedKernel\HamedSoft.Template.SharedKernel.csproj", "{B2D4C121-9BEE-4A54-928C-62E60D6D64C2}"
EndProject
Project("{FAE04EC0-301F-11D3-BF4B-00C04F79EFBC}") = "HamedSoft.Template.Domain", "src\HamedSoft.Template.Domain\HamedSoft.Template.Domain.csproj", "{473DA610-C598-4B27-83CA-AE77B961A11F}"
EndProject
Project("{FAE04EC0-301F-11D3-BF4B-00C04F79EFBC}") = "HamedSoft.Template.Application", "src\HamedSoft.Template.Application\HamedSoft.Template.Application.csproj", "{C4345560-A420-4805-95B1-8A34B511022B}"
EndProject
Project("{FAE04EC0-301F-11D3-BF4B-00C04F79EFBC}") = "HamedSoft.Template.Infrastructure", "src\HamedSoft.Template.Infrastructure\HamedSoft.Template.Infrastructure.csproj", "{1F03DD65-11AA-421F-BF0A-C58D215DC36B}"
EndProject
Project("{FAE04EC0-301F-11D3-BF4B-00C04F79EFBC}") = "HamedSoft.Template.Web", "src\HamedSoft.Template.Web\HamedSoft.Template.Web.csproj", "{E4E43746-24E3-4BFB-A015-729E684ABCBE}"
EndProject
Project("{2150E333-8FDC-42A3-9474-1A3956D46DE8}") = "Solution Items", "Solution Items", "{8EC462FD-D22E-90A8-E5CE-7E832BA40C5D}"
	ProjectSection(SolutionItems) = preProject
		Directory.Build.props = Directory.Build.props
		Directory.Packages.props = Directory.Packages.props
		global.json = global.json
		NuGet.config = NuGet.config
	EndProjectSection
EndProject
Project("{2150E333-8FDC-42A3-9474-1A3956D46DE8}") = "docs", "docs", "{02EA681E-C7D8-13C7-8484-4AC65E1B71E8}"
	ProjectSection(SolutionItems) = preProject
		Readme-Entity Framework Core.md = Readme-Entity Framework Core.md
	EndProjectSection
EndProject
Global
	GlobalSection(SolutionConfigurationPlatforms) = preSolution
		Debug|Any CPU = Debug|Any CPU
		Release|Any CPU = Release|Any CPU
	EndGlobalSection
	GlobalSection(ProjectConfigurationPlatforms) = postSolution
		{B2D4C121-9BEE-4A54-928C-62E60D6D64C2}.Debug|Any CPU.ActiveCfg = Debug|Any CPU
		{B2D4C121-9BEE-4A54-928C-62E60D6D64C2}.Debug|Any CPU.Build.0 = Debug|Any CPU
		{B2D4C121-9BEE-4A54-928C-62E60D6D64C2}.Release|Any CPU.ActiveCfg = Release|Any CPU
		{B2D4C121-9BEE-4A54-928C-62E60D6D64C2}.Release|Any CPU.Build.0 = Release|Any CPU
		{473DA610-C598-4B27-83CA-AE77B961A11F}.Debug|Any CPU.ActiveCfg = Debug|Any CPU
		{473DA610-C598-4B27-83CA-AE77B961A11F}.Debug|Any CPU.Build.0 = Debug|Any CPU
		{473DA610-C598-4B27-83CA-AE77B961A11F}.Release|Any CPU.ActiveCfg = Release|Any CPU
		{473DA610-C598-4B27-83CA-AE77B961A11F}.Release|Any CPU.Build.0 = Release|Any CPU
		{C4345560-A420-4805-95B1-8A34B511022B}.Debug|Any CPU.ActiveCfg = Debug|Any CPU
		{C4345560-A420-4805-95B1-8A34B511022B}.Debug|Any CPU.Build.0 = Debug|Any CPU
		{C4345560-A420-4805-95B1-8A34B511022B}.Release|Any CPU.ActiveCfg = Release|Any CPU
		{C4345560-A420-4805-95B1-8A34B511022B}.Release|Any CPU.Build.0 = Release|Any CPU
		{1F03DD65-11AA-421F-BF0A-C58D215DC36B}.Debug|Any CPU.ActiveCfg = Debug|Any CPU
		{1F03DD65-11AA-421F-BF0A-C58D215DC36B}.Debug|Any CPU.Build.0 = Debug|Any CPU
		{1F03DD65-11AA-421F-BF0A-C58D215DC36B}.Release|Any CPU.ActiveCfg = Release|Any CPU
		{1F03DD65-11AA-421F-BF0A-C58D215DC36B}.Release|Any CPU.Build.0 = Release|Any CPU
		{E4E43746-24E3-4BFB-A015-729E684ABCBE}.Debug|Any CPU.ActiveCfg = Debug|Any CPU
		{E4E43746-24E3-4BFB-A015-729E684ABCBE}.Debug|Any CPU.Build.0 = Debug|Any CPU
		{E4E43746-24E3-4BFB-A015-729E684ABCBE}.Release|Any CPU.ActiveCfg = Release|Any CPU
		{E4E43746-24E3-4BFB-A015-729E684ABCBE}.Release|Any CPU.Build.0 = Release|Any CPU
	EndGlobalSection
	GlobalSection(SolutionProperties) = preSolution
		HideSolutionNode = FALSE
	EndGlobalSection
	GlobalSection(NestedProjects) = preSolution
		{B2D4C121-9BEE-4A54-928C-62E60D6D64C2} = {6E52975C-E850-4A60-A2EF-DC6DFA188A97}
		{473DA610-C598-4B27-83CA-AE77B961A11F} = {6E52975C-E850-4A60-A2EF-DC6DFA188A97}
		{C4345560-A420-4805-95B1-8A34B511022B} = {6E52975C-E850-4A60-A2EF-DC6DFA188A97}
		{1F03DD65-11AA-421F-BF0A-C58D215DC36B} = {6E52975C-E850-4A60-A2EF-DC6DFA188A97}
		{E4E43746-24E3-4BFB-A015-729E684ABCBE} = {6E52975C-E850-4A60-A2EF-DC6DFA188A97}
	EndGlobalSection
	GlobalSection(ExtensibilityGlobals) = postSolution
		SolutionGuid = {51DF7B97-B176-49B4-B106-62D4E74EC6E5}
	EndGlobalSection
EndGlobal
